
Microsoft Visual Studio Solution File, Format Version 12.00
# Visual Studio Version 17
VisualStudioVersion = 17.14.36212.18 d17.14
MinimumVisualStudioVersion = 10.0.40219.1
Project("{FAE04EC0-301F-11D3-BF4B-00C04F79EFBC}") = "LE Formatter", "LE Formatter\LE Formatter.csproj", "{3E7E22B7-5C41-4EDA-9DBB-7ACEE03C4610}"
EndProject
Global
	GlobalSection(SolutionConfigurationPlatforms) = preSolution
		Debug|Any CPU = Debug|Any CPU
		Release|Any CPU = Release|Any CPU
	EndGlobalSection
	GlobalSection(ProjectConfigurationPlatforms) = postSolution
		{3E7E22B7-5C41-4EDA-9DBB-7ACEE03C4610}.Debug|Any CPU.ActiveCfg = Debug|Any CPU
		{3E7E22B7-5C41-4EDA-9DBB-7ACEE03C4610}.Debug|Any CPU.Build.0 = Debug|Any CPU
		{3E7E22B7-5C41-4EDA-9DBB-7ACEE03C4610}.Release|Any CPU.ActiveCfg = Release|Any CPU
		{3E7E22B7-5C41-4EDA-9DBB-7ACEE03C4610}.Release|Any CPU.Build.0 = Release|Any CPU
	EndGlobalSection
	GlobalSection(SolutionProperties) = preSolution
		HideSolutionNode = FALSE
	EndGlobalSection
	GlobalSection(ExtensibilityGlobals) = postSolution
		SolutionGuid = {59321119-548C-4C23-AB41-9ACD9048455D}
	EndGlobalSection
EndGlobal
